# THIS IS AN AUTOGENERATED FILE. DO NOT EDIT THIS FILE DIRECTLY.
# yarn lockfile v1


react-is@^19.1.0:
  version "19.1.0"
  resolved "https://registry.yarnpkg.com/react-is/-/react-is-19.1.0.tgz#805bce321546b7e14c084989c77022351bbdd11b"
  integrity sha512-Oe56aUPnkHyyDxxkvqtd7KkdQP5uIUfHxd5XTb3wE9d/kRnZLmKbDB0GWk919tdQ+mxxPtG6EAs6RMT6i1qtHg==
